
Microsoft Visual Studio Solution File, Format Version 12.00
# Visual Studio Version 17
VisualStudioVersion = 17.14.36414.22
MinimumVisualStudioVersion = 10.0.40219.1
Project("{FAE04EC0-301F-11D3-BF4B-00C04F79EFBC}") = "AWSEventDrivenDemo.Api", "AWSEventDrivenDemo.Api\AWSEventDrivenDemo.Api.csproj", "{6CCBEBD3-3426-46FB-A439-DFD279AA613F}"
EndProject
Project("{FAE04EC0-301F-11D3-BF4B-00C04F79EFBC}") = "AWSEventDrivenDemo.Domain", "AWSEventDrivenDemo.Domain\AWSEventDrivenDemo.Domain.csproj", "{60CD7601-DEDF-4336-9984-2B4186F5447F}"
EndProject
Project("{FAE04EC0-301F-11D3-BF4B-00C04F79EFBC}") = "AWSEventDrivenDemo.Infrastructure", "AWSEventDrivenDemo.Infrastructure\AWSEventDrivenDemo.Infrastructure.csproj", "{BA54705D-CEB9-438E-BD22-F50FEAF55578}"
EndProject
Project("{FAE04EC0-301F-11D3-BF4B-00C04F79EFBC}") = "AWSEventDrivenDemo.LambdaHandler", "AWSEventDrivenDemo.LambdaHandler\AWSEventDrivenDemo.LambdaHandler.csproj", "{CED11346-176C-4875-9932-B671804EA0F3}"
EndProject
Global
	GlobalSection(SolutionConfigurationPlatforms) = preSolution
		Debug|Any CPU = Debug|Any CPU
		Debug|x64 = Debug|x64
		Debug|x86 = Debug|x86
		Release|Any CPU = Release|Any CPU
		Release|x64 = Release|x64
		Release|x86 = Release|x86
	EndGlobalSection
	GlobalSection(ProjectConfigurationPlatforms) = postSolution
		{6CCBEBD3-3426-46FB-A439-DFD279AA613F}.Debug|Any CPU.ActiveCfg = Debug|Any CPU
		{6CCBEBD3-3426-46FB-A439-DFD279AA613F}.Debug|Any CPU.Build.0 = Debug|Any CPU
		{6CCBEBD3-3426-46FB-A439-DFD279AA613F}.Debug|x64.ActiveCfg = Debug|Any CPU
		{6CCBEBD3-3426-46FB-A439-DFD279AA613F}.Debug|x64.Build.0 = Debug|Any CPU
		{6CCBEBD3-3426-46FB-A439-DFD279AA613F}.Debug|x86.ActiveCfg = Debug|Any CPU
		{6CCBEBD3-3426-46FB-A439-DFD279AA613F}.Debug|x86.Build.0 = Debug|Any CPU
		{6CCBEBD3-3426-46FB-A439-DFD279AA613F}.Release|Any CPU.ActiveCfg = Release|Any CPU
		{6CCBEBD3-3426-46FB-A439-DFD279AA613F}.Release|Any CPU.Build.0 = Release|Any CPU
		{6CCBEBD3-3426-46FB-A439-DFD279AA613F}.Release|x64.ActiveCfg = Release|Any CPU
		{6CCBEBD3-3426-46FB-A439-DFD279AA613F}.Release|x64.Build.0 = Release|Any CPU
		{6CCBEBD3-3426-46FB-A439-DFD279AA613F}.Release|x86.ActiveCfg = Release|Any CPU
		{6CCBEBD3-3426-46FB-A439-DFD279AA613F}.Release|x86.Build.0 = Release|Any CPU
		{60CD7601-DEDF-4336-9984-2B4186F5447F}.Debug|Any CPU.ActiveCfg = Debug|Any CPU
		{60CD7601-DEDF-4336-9984-2B4186F5447F}.Debug|Any CPU.Build.0 = Debug|Any CPU
		{60CD7601-DEDF-4336-9984-2B4186F5447F}.Debug|x64.ActiveCfg = Debug|Any CPU
		{60CD7601-DEDF-4336-9984-2B4186F5447F}.Debug|x64.Build.0 = Debug|Any CPU
		{60CD7601-DEDF-4336-9984-2B4186F5447F}.Debug|x86.ActiveCfg = Debug|Any CPU
		{60CD7601-DEDF-4336-9984-2B4186F5447F}.Debug|x86.Build.0 = Debug|Any CPU
		{60CD7601-DEDF-4336-9984-2B4186F5447F}.Release|Any CPU.ActiveCfg = Release|Any CPU
		{60CD7601-DEDF-4336-9984-2B4186F5447F}.Release|Any CPU.Build.0 = Release|Any CPU
		{60CD7601-DEDF-4336-9984-2B4186F5447F}.Release|x64.ActiveCfg = Release|Any CPU
		{60CD7601-DEDF-4336-9984-2B4186F5447F}.Release|x64.Build.0 = Release|Any CPU
		{60CD7601-DEDF-4336-9984-2B4186F5447F}.Release|x86.ActiveCfg = Release|Any CPU
		{60CD7601-DEDF-4336-9984-2B4186F5447F}.Release|x86.Build.0 = Release|Any CPU
		{BA54705D-CEB9-438E-BD22-F50FEAF55578}.Debug|Any CPU.ActiveCfg = Debug|Any CPU
		{BA54705D-CEB9-438E-BD22-F50FEAF55578}.Debug|Any CPU.Build.0 = Debug|Any CPU
		{BA54705D-CEB9-438E-BD22-F50FEAF55578}.Debug|x64.ActiveCfg = Debug|Any CPU
		{BA54705D-CEB9-438E-BD22-F50FEAF55578}.Debug|x64.Build.0 = Debug|Any CPU
		{BA54705D-CEB9-438E-BD22-F50FEAF55578}.Debug|x86.ActiveCfg = Debug|Any CPU
		{BA54705D-CEB9-438E-BD22-F50FEAF55578}.Debug|x86.Build.0 = Debug|Any CPU
		{BA54705D-CEB9-438E-BD22-F50FEAF55578}.Release|Any CPU.ActiveCfg = Release|Any CPU
		{BA54705D-CEB9-438E-BD22-F50FEAF55578}.Release|Any CPU.Build.0 = Release|Any CPU
		{BA54705D-CEB9-438E-BD22-F50FEAF55578}.Release|x64.ActiveCfg = Release|Any CPU
		{BA54705D-CEB9-438E-BD22-F50FEAF55578}.Release|x64.Build.0 = Release|Any CPU
		{BA54705D-CEB9-438E-BD22-F50FEAF55578}.Release|x86.ActiveCfg = Release|Any CPU
		{BA54705D-CEB9-438E-BD22-F50FEAF55578}.Release|x86.Build.0 = Release|Any CPU
		{CED11346-176C-4875-9932-B671804EA0F3}.Debug|Any CPU.ActiveCfg = Debug|Any CPU
		{CED11346-176C-4875-9932-B671804EA0F3}.Debug|Any CPU.Build.0 = Debug|Any CPU
		{CED11346-176C-4875-9932-B671804EA0F3}.Debug|x64.ActiveCfg = Debug|Any CPU
		{CED11346-176C-4875-9932-B671804EA0F3}.Debug|x64.Build.0 = Debug|Any CPU
		{CED11346-176C-4875-9932-B671804EA0F3}.Debug|x86.ActiveCfg = Debug|Any CPU
		{CED11346-176C-4875-9932-B671804EA0F3}.Debug|x86.Build.0 = Debug|Any CPU
		{CED11346-176C-4875-9932-B671804EA0F3}.Release|Any CPU.ActiveCfg = Release|Any CPU
		{CED11346-176C-4875-9932-B671804EA0F3}.Release|Any CPU.Build.0 = Release|Any CPU
		{CED11346-176C-4875-9932-B671804EA0F3}.Release|x64.ActiveCfg = Release|Any CPU
		{CED11346-176C-4875-9932-B671804EA0F3}.Release|x64.Build.0 = Release|Any CPU
		{CED11346-176C-4875-9932-B671804EA0F3}.Release|x86.ActiveCfg = Release|Any CPU
		{CED11346-176C-4875-9932-B671804EA0F3}.Release|x86.Build.0 = Release|Any CPU
	EndGlobalSection
	GlobalSection(SolutionProperties) = preSolution
		HideSolutionNode = FALSE
	EndGlobalSection
	GlobalSection(ExtensibilityGlobals) = postSolution
		SolutionGuid = {89DAFED8-B744-4BE7-9050-6B030DD46F9C}
	EndGlobalSection
EndGlobal
